schema: '2.0'
stages:
  stage_01:
    cmd: python stage_01.py
    deps:
    - path: stage_01.py
      hash: md5
      md5: 3608567ee177f08bae69e14aeec23c7d
      size: 67
    outs:
    - path: artifact.txt
      hash: md5
      md5: 201212d4dca53c2996f49113c31b11a6
      size: 15
  stage_02:
    cmd: python stage_02.py
    deps:
    - path: artifact.txt
      hash: md5
      md5: 201212d4dca53c2996f49113c31b11a6
      size: 15
    - path: stage_02.py
      hash: md5
      md5: fcde7393306a44b0251d695cf2d20090
      size: 80
